
Microsoft Visual Studio Solution File, Format Version 12.00
# Visual Studio 15
VisualStudioVersion = 15.0.27703.2047
MinimumVisualStudioVersion = 10.0.40219.1
Project("{FAE04EC0-301F-11D3-BF4B-00C04F79EFBC}") = "AngApp", "AngApp\AngApp.csproj", "{BE2F4065-D617-41DF-8184-99ED23E9AA4B}"
EndProject
Project("{FAE04EC0-301F-11D3-BF4B-00C04F79EFBC}") = "AdvOop", "AdvOop\AdvOop.csproj", "{EFDB663A-2B50-409B-A1A5-F4D4F02EA061}"
EndProject
Project("{FAE04EC0-301F-11D3-BF4B-00C04F79EFBC}") = "APIMVC", "APIMVC\APIMVC.csproj", "{192509E5-17CC-4B03-BAB0-31DEED8FD368}"
EndProject
Project("{FAE04EC0-301F-11D3-BF4B-00C04F79EFBC}") = "EFMDataAccessModel", "EFMDataAccessModel\EFMDataAccessModel.csproj", "{204328D7-DF88-476D-B6CE-CF6070191D36}"
EndProject
Project("{FAE04EC0-301F-11D3-BF4B-00C04F79EFBC}") = "UserAuthentication", "UserAuthentication\UserAuthentication.csproj", "{D2C29FD1-F47F-485F-A328-562143810464}"
EndProject
Global
	GlobalSection(SolutionConfigurationPlatforms) = preSolution
		Debug|Any CPU = Debug|Any CPU
		Release|Any CPU = Release|Any CPU
	EndGlobalSection
	GlobalSection(ProjectConfigurationPlatforms) = postSolution
		{BE2F4065-D617-41DF-8184-99ED23E9AA4B}.Debug|Any CPU.ActiveCfg = Debug|Any CPU
		{BE2F4065-D617-41DF-8184-99ED23E9AA4B}.Debug|Any CPU.Build.0 = Debug|Any CPU
		{BE2F4065-D617-41DF-8184-99ED23E9AA4B}.Release|Any CPU.ActiveCfg = Release|Any CPU
		{BE2F4065-D617-41DF-8184-99ED23E9AA4B}.Release|Any CPU.Build.0 = Release|Any CPU
		{EFDB663A-2B50-409B-A1A5-F4D4F02EA061}.Debug|Any CPU.ActiveCfg = Debug|Any CPU
		{EFDB663A-2B50-409B-A1A5-F4D4F02EA061}.Debug|Any CPU.Build.0 = Debug|Any CPU
		{EFDB663A-2B50-409B-A1A5-F4D4F02EA061}.Release|Any CPU.ActiveCfg = Release|Any CPU
		{EFDB663A-2B50-409B-A1A5-F4D4F02EA061}.Release|Any CPU.Build.0 = Release|Any CPU
		{192509E5-17CC-4B03-BAB0-31DEED8FD368}.Debug|Any CPU.ActiveCfg = Debug|Any CPU
		{192509E5-17CC-4B03-BAB0-31DEED8FD368}.Debug|Any CPU.Build.0 = Debug|Any CPU
		{192509E5-17CC-4B03-BAB0-31DEED8FD368}.Release|Any CPU.ActiveCfg = Release|Any CPU
		{192509E5-17CC-4B03-BAB0-31DEED8FD368}.Release|Any CPU.Build.0 = Release|Any CPU
		{204328D7-DF88-476D-B6CE-CF6070191D36}.Debug|Any CPU.ActiveCfg = Debug|Any CPU
		{204328D7-DF88-476D-B6CE-CF6070191D36}.Debug|Any CPU.Build.0 = Debug|Any CPU
		{204328D7-DF88-476D-B6CE-CF6070191D36}.Release|Any CPU.ActiveCfg = Release|Any CPU
		{204328D7-DF88-476D-B6CE-CF6070191D36}.Release|Any CPU.Build.0 = Release|Any CPU
		{D2C29FD1-F47F-485F-A328-562143810464}.Debug|Any CPU.ActiveCfg = Debug|Any CPU
		{D2C29FD1-F47F-485F-A328-562143810464}.Debug|Any CPU.Build.0 = Debug|Any CPU
		{D2C29FD1-F47F-485F-A328-562143810464}.Release|Any CPU.ActiveCfg = Release|Any CPU
		{D2C29FD1-F47F-485F-A328-562143810464}.Release|Any CPU.Build.0 = Release|Any CPU
	EndGlobalSection
	GlobalSection(SolutionProperties) = preSolution
		HideSolutionNode = FALSE
	EndGlobalSection
	GlobalSection(ExtensibilityGlobals) = postSolution
		SolutionGuid = {0EB70E8C-074A-4952-9740-00FAD74C3CB9}
	EndGlobalSection
EndGlobal
